
Microsoft Visual Studio Solution File, Format Version 12.00
# Visual Studio 2015
Project("{FAE04EC0-301F-11D3-BF4B-00C04F79EFBC}") = "Ant 2D.CSharp", "Ant 2D.CSharp.csproj", "{2A915478-A4EB-AF32-390A-E7B86E68EC2D}"
EndProject
Global
	GlobalSection(SolutionConfigurationPlatforms) = preSolution
		Debug|Any CPU = Debug|Any CPU
		Release|Any CPU = Release|Any CPU
	EndGlobalSection
	GlobalSection(ProjectConfigurationPlatforms) = postSolution
		{2A915478-A4EB-AF32-390A-E7B86E68EC2D}.Debug|Any CPU.ActiveCfg = Debug|Any CPU
		{2A915478-A4EB-AF32-390A-E7B86E68EC2D}.Debug|Any CPU.Build.0 = Debug|Any CPU
		{2A915478-A4EB-AF32-390A-E7B86E68EC2D}.Release|Any CPU.ActiveCfg = Release|Any CPU
		{2A915478-A4EB-AF32-390A-E7B86E68EC2D}.Release|Any CPU.Build.0 = Release|Any CPU
	EndGlobalSection
	GlobalSection(SolutionProperties) = preSolution
		HideSolutionNode = FALSE
	EndGlobalSection
EndGlobal
